
Microsoft Visual Studio Solution File, Format Version 12.00
# Visual Studio 15
VisualStudioVersion = 15.0.28307.329
MinimumVisualStudioVersion = 10.0.40219.1
Project("{8BC9CEB8-8B4A-11D0-8D11-00A0C91BC942}") = "NightEngine2", "NightEngine2.vcxproj", "{9D5E0E23-3108-4FFA-B761-072CC921EC06}"
	ProjectSection(ProjectDependencies) = postProject
		{EDEA755B-E45F-475C-94B7-0A053656328D} = {EDEA755B-E45F-475C-94B7-0A053656328D}
	EndProjectSection
EndProject
Project("{8BC9CEB8-8B4A-11D0-8D11-00A0C91BC942}") = "Core", "Core\Core.vcxproj", "{EDEA755B-E45F-475C-94B7-0A053656328D}"
EndProject
Global
	GlobalSection(SolutionConfigurationPlatforms) = preSolution
		Debug|x64 = Debug|x64
		Debug|x86 = Debug|x86
		MinSizeRel|x64 = MinSizeRel|x64
		MinSizeRel|x86 = MinSizeRel|x86
		Release|x64 = Release|x64
		Release|x86 = Release|x86
		RelWithDebInfo|x64 = RelWithDebInfo|x64
		RelWithDebInfo|x86 = RelWithDebInfo|x86
	EndGlobalSection
	GlobalSection(ProjectConfigurationPlatforms) = postSolution
		{9D5E0E23-3108-4FFA-B761-072CC921EC06}.Debug|x64.ActiveCfg = Debug|x64
		{9D5E0E23-3108-4FFA-B761-072CC921EC06}.Debug|x64.Build.0 = Debug|x64
		{9D5E0E23-3108-4FFA-B761-072CC921EC06}.Debug|x86.ActiveCfg = Debug|Win32
		{9D5E0E23-3108-4FFA-B761-072CC921EC06}.Debug|x86.Build.0 = Debug|Win32
		{9D5E0E23-3108-4FFA-B761-072CC921EC06}.MinSizeRel|x64.ActiveCfg = Release|x64
		{9D5E0E23-3108-4FFA-B761-072CC921EC06}.MinSizeRel|x64.Build.0 = Release|x64
		{9D5E0E23-3108-4FFA-B761-072CC921EC06}.MinSizeRel|x86.ActiveCfg = Release|Win32
		{9D5E0E23-3108-4FFA-B761-072CC921EC06}.MinSizeRel|x86.Build.0 = Release|Win32
		{9D5E0E23-3108-4FFA-B761-072CC921EC06}.Release|x64.ActiveCfg = Release|x64
		{9D5E0E23-3108-4FFA-B761-072CC921EC06}.Release|x64.Build.0 = Release|x64
		{9D5E0E23-3108-4FFA-B761-072CC921EC06}.Release|x86.ActiveCfg = Release|Win32
		{9D5E0E23-3108-4FFA-B761-072CC921EC06}.Release|x86.Build.0 = Release|Win32
		{9D5E0E23-3108-4FFA-B761-072CC921EC06}.RelWithDebInfo|x64.ActiveCfg = Release|x64
		{9D5E0E23-3108-4FFA-B761-072CC921EC06}.RelWithDebInfo|x64.Build.0 = Release|x64
		{9D5E0E23-3108-4FFA-B761-072CC921EC06}.RelWithDebInfo|x86.ActiveCfg = Release|Win32
		{9D5E0E23-3108-4FFA-B761-072CC921EC06}.RelWithDebInfo|x86.Build.0 = Release|Win32
		{EDEA755B-E45F-475C-94B7-0A053656328D}.Debug|x64.ActiveCfg = Debug|x64
		{EDEA755B-E45F-475C-94B7-0A053656328D}.Debug|x64.Build.0 = Debug|x64
		{EDEA755B-E45F-475C-94B7-0A053656328D}.Debug|x86.ActiveCfg = Debug|Win32
		{EDEA755B-E45F-475C-94B7-0A053656328D}.Debug|x86.Build.0 = Debug|Win32
		{EDEA755B-E45F-475C-94B7-0A053656328D}.MinSizeRel|x64.ActiveCfg = Release|x64
		{EDEA755B-E45F-475C-94B7-0A053656328D}.MinSizeRel|x64.Build.0 = Release|x64
		{EDEA755B-E45F-475C-94B7-0A053656328D}.MinSizeRel|x86.ActiveCfg = Release|Win32
		{EDEA755B-E45F-475C-94B7-0A053656328D}.MinSizeRel|x86.Build.0 = Release|Win32
		{EDEA755B-E45F-475C-94B7-0A053656328D}.Release|x64.ActiveCfg = Release|x64
		{EDEA755B-E45F-475C-94B7-0A053656328D}.Release|x64.Build.0 = Release|x64
		{EDEA755B-E45F-475C-94B7-0A053656328D}.Release|x86.ActiveCfg = Release|Win32
		{EDEA755B-E45F-475C-94B7-0A053656328D}.Release|x86.Build.0 = Release|Win32
		{EDEA755B-E45F-475C-94B7-0A053656328D}.RelWithDebInfo|x64.ActiveCfg = Release|x64
		{EDEA755B-E45F-475C-94B7-0A053656328D}.RelWithDebInfo|x64.Build.0 = Release|x64
		{EDEA755B-E45F-475C-94B7-0A053656328D}.RelWithDebInfo|x86.ActiveCfg = Release|Win32
		{EDEA755B-E45F-475C-94B7-0A053656328D}.RelWithDebInfo|x86.Build.0 = Release|Win32
	EndGlobalSection
	GlobalSection(SolutionProperties) = preSolution
		HideSolutionNode = FALSE
	EndGlobalSection
	GlobalSection(ExtensibilityGlobals) = postSolution
		SolutionGuid = {AD57FCF2-4BAA-4011-A9C0-A6F2E4DB3067}
	EndGlobalSection
EndGlobal
